
Microsoft Visual Studio Solution File, Format Version 12.00
# Visual Studio Version 17
VisualStudioVersion = 17.4.33205.214
MinimumVisualStudioVersion = 10.0.40219.1
Project("{9A19103F-16F7-4668-BE54-9A1E7A4F7556}") = "myapiproject", "myapiproject.csproj", "{1FC22B9D-F223-4A32-A9A2-03DCF943B47D}"
EndProject
Global
	GlobalSection(SolutionConfigurationPlatforms) = preSolution
		Debug|Any CPU = Debug|Any CPU
		Release|Any CPU = Release|Any CPU
	EndGlobalSection
	GlobalSection(ProjectConfigurationPlatforms) = postSolution
		{1FC22B9D-F223-4A32-A9A2-03DCF943B47D}.Debug|Any CPU.ActiveCfg = Debug|Any CPU
		{1FC22B9D-F223-4A32-A9A2-03DCF943B47D}.Debug|Any CPU.Build.0 = Debug|Any CPU
		{1FC22B9D-F223-4A32-A9A2-03DCF943B47D}.Release|Any CPU.ActiveCfg = Release|Any CPU
		{1FC22B9D-F223-4A32-A9A2-03DCF943B47D}.Release|Any CPU.Build.0 = Release|Any CPU
	EndGlobalSection
	GlobalSection(SolutionProperties) = preSolution
		HideSolutionNode = FALSE
	EndGlobalSection
	GlobalSection(ExtensibilityGlobals) = postSolution
		SolutionGuid = {4DD795EE-4868-4899-9663-70A22723BEBA}
	EndGlobalSection
EndGlobal
